// !$*UTF8*$!
{
	archiveVersion = 1;
	classes = {
	};
	objectVersion = 50;
	objects = {

/* Begin PBXBuildFile section */
		F102BB8025BF6A410036E02F /* DetailsClubView.swift in Sources */ = {isa = PBXBuildFile; fileRef = F102BB7F25BF6A410036E02F /* DetailsClubView.swift */; };
		F1874CBD25BCD5B5001526A1 /* MyClubsView.swift in Sources */ = {isa = PBXBuildFile; fileRef = F1874CBC25BCD5B5001526A1 /* MyClubsView.swift */; };
		F1F7BA9725BE0A53005E1383 /* Colors.swift in Sources */ = {isa = PBXBuildFile; fileRef = F1F7BA9625BE0A53005E1383 /* Colors.swift */; };
		F1F7BA9B25BE11C0005E1383 /* MyListView.swift in Sources */ = {isa = PBXBuildFile; fileRef = F1F7BA9A25BE11C0005E1383 /* MyListView.swift */; };
		F1F7BA9E25BE4B73005E1383 /* PostView.swift in Sources */ = {isa = PBXBuildFile; fileRef = F1F7BA9D25BE4B73005E1383 /* PostView.swift */; };
		F1F7BAA125BE4F8E005E1383 /* HomeView.swift in Sources */ = {isa = PBXBuildFile; fileRef = F1F7BAA025BE4F8E005E1383 /* HomeView.swift */; };
		F1FA76EF25B637650090ECDF /* ReadMeetSwiftUIApp.swift in Sources */ = {isa = PBXBuildFile; fileRef = F1FA76EE25B637650090ECDF /* ReadMeetSwiftUIApp.swift */; };
		F1FA76F125B637650090ECDF /* ContentView.swift in Sources */ = {isa = PBXBuildFile; fileRef = F1FA76F025B637650090ECDF /* ContentView.swift */; };
		F1FA76F325B637660090ECDF /* Assets.xcassets in Resources */ = {isa = PBXBuildFile; fileRef = F1FA76F225B637660090ECDF /* Assets.xcassets */; };
		F1FA76F625B637660090ECDF /* Preview Assets.xcassets in Resources */ = {isa = PBXBuildFile; fileRef = F1FA76F525B637660090ECDF /* Preview Assets.xcassets */; };
/* End PBXBuildFile section */

/* Begin PBXFileReference section */
		F102BB7F25BF6A410036E02F /* DetailsClubView.swift */ = {isa = PBXFileReference; lastKnownFileType = sourcecode.swift; path = DetailsClubView.swift; sourceTree = "<group>"; };
		F1874CBC25BCD5B5001526A1 /* MyClubsView.swift */ = {isa = PBXFileReference; lastKnownFileType = sourcecode.swift; path = MyClubsView.swift; sourceTree = "<group>"; };
		F1F7BA9625BE0A53005E1383 /* Colors.swift */ = {isa = PBXFileReference; lastKnownFileType = sourcecode.swift; path = Colors.swift; sourceTree = "<group>"; };
		F1F7BA9A25BE11C0005E1383 /* MyListView.swift */ = {isa = PBXFileReference; lastKnownFileType = sourcecode.swift; path = MyListView.swift; sourceTree = "<group>"; };
		F1F7BA9D25BE4B73005E1383 /* PostView.swift */ = {isa = PBXFileReference; lastKnownFileType = sourcecode.swift; path = PostView.swift; sourceTree = "<group>"; };
		F1F7BAA025BE4F8E005E1383 /* HomeView.swift */ = {isa = PBXFileReference; lastKnownFileType = sourcecode.swift; path = HomeView.swift; sourceTree = "<group>"; };
		F1FA76EB25B637650090ECDF /* ReadMeetSwiftUI.app */ = {isa = PBXFileReference; explicitFileType = wrapper.application; includeInIndex = 0; path = ReadMeetSwiftUI.app; sourceTree = BUILT_PRODUCTS_DIR; };
		F1FA76EE25B637650090ECDF /* ReadMeetSwiftUIApp.swift */ = {isa = PBXFileReference; lastKnownFileType = sourcecode.swift; path = ReadMeetSwiftUIApp.swift; sourceTree = "<group>"; };
		F1FA76F025B637650090ECDF /* ContentView.swift */ = {isa = PBXFileReference; lastKnownFileType = sourcecode.swift; path = ContentView.swift; sourceTree = "<group>"; };
		F1FA76F225B637660090ECDF /* Assets.xcassets */ = {isa = PBXFileReference; lastKnownFileType = folder.assetcatalog; path = Assets.xcassets; sourceTree = "<group>"; };
		F1FA76F525B637660090ECDF /* Preview Assets.xcassets */ = {isa = PBXFileReference; lastKnownFileType = folder.assetcatalog; path = "Preview Assets.xcassets"; sourceTree = "<group>"; };
		F1FA76F725B637660090ECDF /* Info.plist */ = {isa = PBXFileReference; lastKnownFileType = text.plist.xml; path = Info.plist; sourceTree = "<group>"; };
/* End PBXFileReference section */

/* Begin PBXFrameworksBuildPhase section */
		F1FA76E825B637650090ECDF /* Frameworks */ = {
			isa = PBXFrameworksBuildPhase;
			buildActionMask = 2147483647;
			files = (
			);
			runOnlyForDeploymentPostprocessing = 0;
		};
/* End PBXFrameworksBuildPhase section */

/* Begin PBXGroup section */
		F1FA76E225B637650090ECDF = {
			isa = PBXGroup;
			children = (
				F1FA76ED25B637650090ECDF /* ReadMeetSwiftUI */,
				F1FA76EC25B637650090ECDF /* Products */,
			);
			sourceTree = "<group>";
		};
		F1FA76EC25B637650090ECDF /* Products */ = {
			isa = PBXGroup;
			children = (
				F1FA76EB25B637650090ECDF /* ReadMeetSwiftUI.app */,
			);
			name = Products;
			sourceTree = "<group>";
		};
		F1FA76ED25B637650090ECDF /* ReadMeetSwiftUI */ = {
			isa = PBXGroup;
			children = (
				F1FA76EE25B637650090ECDF /* ReadMeetSwiftUIApp.swift */,
				F1FA76F025B637650090ECDF /* ContentView.swift */,
				F1874CBC25BCD5B5001526A1 /* MyClubsView.swift */,
				F1F7BA9625BE0A53005E1383 /* Colors.swift */,
				F1FA76F225B637660090ECDF /* Assets.xcassets */,
				F1FA76F725B637660090ECDF /* Info.plist */,
				F1FA76F425B637660090ECDF /* Preview Content */,
				F1F7BA9A25BE11C0005E1383 /* MyListView.swift */,
				F1F7BA9D25BE4B73005E1383 /* PostView.swift */,
				F1F7BAA025BE4F8E005E1383 /* HomeView.swift */,
				F102BB7F25BF6A410036E02F /* DetailsClubView.swift */,
			);
			path = ReadMeetSwiftUI;
			sourceTree = "<group>";
		};
		F1FA76F425B637660090ECDF /* Preview Content */ = {
			isa = PBXGroup;
			children = (
				F1FA76F525B637660090ECDF /* Preview Assets.xcassets */,
			);
			path = "Preview Content";
			sourceTree = "<group>";
		};
/* End PBXGroup section */

/* Begin PBXNativeTarget section */
		F1FA76EA25B637650090ECDF /* ReadMeetSwiftUI */ = {
			isa = PBXNativeTarget;
			buildConfigurationList = F1FA76FA25B637660090ECDF /* Build configuration list for PBXNativeTarget "ReadMeetSwiftUI" */;
			buildPhases = (
				F1FA76E725B637650090ECDF /* Sources */,
				F1FA76E825B637650090ECDF /* Frameworks */,
				F1FA76E925B637650090ECDF /* Resources */,
			);
			buildRules = (
			);
			dependencies = (
			);
			name = ReadMeetSwiftUI;
			productName = ReadMeetSwiftUI;
			productReference = F1FA76EB25B637650090ECDF /* ReadMeetSwiftUI.app */;
			productType = "com.apple.product-type.application";
		};
/* End PBXNativeTarget section */

/* Begin PBXProject section */
		F1FA76E325B637650090ECDF /* Project object */ = {
			isa = PBXProject;
			attributes = {
				LastSwiftUpdateCheck = 1230;
				LastUpgradeCheck = 1230;
				TargetAttributes = {
					F1FA76EA25B637650090ECDF = {
						CreatedOnToolsVersion = 12.3;
					};
				};
			};
			buildConfigurationList = F1FA76E625B637650090ECDF /* Build configuration list for PBXProject "ReadMeetSwiftUI" */;
			compatibilityVersion = "Xcode 9.3";
			developmentRegion = en;
			hasScannedForEncodings = 0;
			knownRegions = (
				en,
				Base,
			);
			mainGroup = F1FA76E225B637650090ECDF;
			productRefGroup = F1FA76EC25B637650090ECDF /* Products */;
			projectDirPath = "";
			projectRoot = "";
			targets = (
				F1FA76EA25B637650090ECDF /* ReadMeetSwiftUI */,
			);
		};
/* End PBXProject section */

/* Begin PBXResourcesBuildPhase section */
		F1FA76E925B637650090ECDF /* Resources */ = {
			isa = PBXResourcesBuildPhase;
			buildActionMask = 2147483647;
			files = (
				F1FA76F625B637660090ECDF /* Preview Assets.xcassets in Resources */,
				F1FA76F325B637660090ECDF /* Assets.xcassets in Resources */,
			);
			runOnlyForDeploymentPostprocessing = 0;
		};
/* End PBXResourcesBuildPhase section */

/* Begin PBXSourcesBuildPhase section */
		F1FA76E725B637650090ECDF /* Sources */ = {
			isa = PBXSourcesBuildPhase;
			buildActionMask = 2147483647;
			files = (
				F1FA76F125B637650090ECDF /* ContentView.swift in Sources */,
				F1F7BAA125BE4F8E005E1383 /* HomeView.swift in Sources */,
				F1F7BA9725BE0A53005E1383 /* Colors.swift in Sources */,
				F1FA76EF25B637650090ECDF /* ReadMeetSwiftUIApp.swift in Sources */,
				F1874CBD25BCD5B5001526A1 /* MyClubsView.swift in Sources */,
				F1F7BA9E25BE4B73005E1383 /* PostView.swift in Sources */,
				F1F7BA9B25BE11C0005E1383 /* MyListView.swift in Sources */,
				F102BB8025BF6A410036E02F /* DetailsClubView.swift in Sources */,
			);
			runOnlyForDeploymentPostprocessing = 0;
		};
/* End PBXSourcesBuildPhase section */

/* Begin XCBuildConfiguration section */
		F1FA76F825B637660090ECDF /* Debug */ = {
			isa = XCBuildConfiguration;
			buildSettings = {
				ALWAYS_SEARCH_USER_PATHS = NO;
				CLANG_ANALYZER_NONNULL = YES;
				CLANG_ANALYZER_NUMBER_OBJECT_CONVERSION = YES_AGGRESSIVE;
				CLANG_CXX_LANGUAGE_STANDARD = "gnu++14";
				CLANG_CXX_LIBRARY = "libc++";
				CLANG_ENABLE_MODULES = YES;
				CLANG_ENABLE_OBJC_ARC = YES;
				CLANG_ENABLE_OBJC_WEAK = YES;
				CLANG_WARN_BLOCK_CAPTURE_AUTORELEASING = YES;
				CLANG_WARN_BOOL_CONVERSION = YES;
				CLANG_WARN_COMMA = YES;
				CLANG_WARN_CONSTANT_CONVERSION = YES;
				CLANG_WARN_DEPRECATED_OBJC_IMPLEMENTATIONS = YES;
				CLANG_WARN_DIRECT_OBJC_ISA_USAGE = YES_ERROR;
				CLANG_WARN_DOCUMENTATION_COMMENTS = YES;
				CLANG_WARN_EMPTY_BODY = YES;
				CLANG_WARN_ENUM_CONVERSION = YES;
				CLANG_WARN_INFINITE_RECURSION = YES;
				CLANG_WARN_INT_CONVERSION = YES;
				CLANG_WARN_NON_LITERAL_NULL_CONVERSION = YES;
				CLANG_WARN_OBJC_IMPLICIT_RETAIN_SELF = YES;
				CLANG_WARN_OBJC_LITERAL_CONVERSION = YES;
				CLANG_WARN_OBJC_ROOT_CLASS = YES_ERROR;
				CLANG_WARN_QUOTED_INCLUDE_IN_FRAMEWORK_HEADER = YES;
				CLANG_WARN_RANGE_LOOP_ANALYSIS = YES;
				CLANG_WARN_STRICT_PROTOTYPES = YES;
				CLANG_WARN_SUSPICIOUS_MOVE = YES;
				CLANG_WARN_UNGUARDED_AVAILABILITY = YES_AGGRESSIVE;
				CLANG_WARN_UNREACHABLE_CODE = YES;
				CLANG_WARN__DUPLICATE_METHOD_MATCH = YES;
				COPY_PHASE_STRIP = NO;
				DEBUG_INFORMATION_FORMAT = dwarf;
				ENABLE_STRICT_OBJC_MSGSEND = YES;
				ENABLE_TESTABILITY = YES;
				GCC_C_LANGUAGE_STANDARD = gnu11;
				GCC_DYNAMIC_NO_PIC = NO;
				GCC_NO_COMMON_BLOCKS = YES;
				GCC_OPTIMIZATION_LEVEL = 0;
				GCC_PREPROCESSOR_DEFINITIONS = (
					"DEBUG=1",
					"$(inherited)",
				);
				GCC_WARN_64_TO_32_BIT_CONVERSION = YES;
				GCC_WARN_ABOUT_RETURN_TYPE = YES_ERROR;
				GCC_WARN_UNDECLARED_SELECTOR = YES;
				GCC_WARN_UNINITIALIZED_AUTOS = YES_AGGRESSIVE;
				GCC_WARN_UNUSED_FUNCTION = YES;
				GCC_WARN_UNUSED_VARIABLE = YES;
				IPHONEOS_DEPLOYMENT_TARGET = 14.3;
				MTL_ENABLE_DEBUG_INFO = INCLUDE_SOURCE;
				MTL_FAST_MATH = YES;
				ONLY_ACTIVE_ARCH = YES;
				SDKROOT = iphoneos;
				SWIFT_ACTIVE_COMPILATION_CONDITIONS = DEBUG;
				SWIFT_OPTIMIZATION_LEVEL = "-Onone";
			};
			name = Debug;
		};
		F1FA76F925B637660090ECDF /* Release */ = {
			isa = XCBuildConfiguration;
			buildSettings = {
				ALWAYS_SEARCH_USER_PATHS = NO;
				CLANG_ANALYZER_NONNULL = YES;
				CLANG_ANALYZER_NUMBER_OBJECT_CONVERSION = YES_AGGRESSIVE;
				CLANG_CXX_LANGUAGE_STANDARD = "gnu++14";
				CLANG_CXX_LIBRARY = "libc++";
				CLANG_ENABLE_MODULES = YES;
				CLANG_ENABLE_OBJC_ARC = YES;
				CLANG_ENABLE_OBJC_WEAK = YES;
				CLANG_WARN_BLOCK_CAPTURE_AUTORELEASING = YES;
				CLANG_WARN_BOOL_CONVERSION = YES;
				CLANG_WARN_COMMA = YES;
				CLANG_WARN_CONSTANT_CONVERSION = YES;
				CLANG_WARN_DEPRECATED_OBJC_IMPLEMENTATIONS = YES;
				CLANG_WARN_DIRECT_OBJC_ISA_USAGE = YES_ERROR;
				CLANG_WARN_DOCUMENTATION_COMMENTS = YES;
				CLANG_WARN_EMPTY_BODY = YES;
				CLANG_WARN_ENUM_CONVERSION = YES;
				CLANG_WARN_INFINITE_RECURSION = YES;
				CLANG_WARN_INT_CONVERSION = YES;
				CLANG_WARN_NON_LITERAL_NULL_CONVERSION = YES;
				CLANG_WARN_OBJC_IMPLICIT_RETAIN_SELF = YES;
				CLANG_WARN_OBJC_LITERAL_CONVERSION = YES;
				CLANG_WARN_OBJC_ROOT_CLASS = YES_ERROR;
				CLANG_WARN_QUOTED_INCLUDE_IN_FRAMEWORK_HEADER = YES;
				CLANG_WARN_RANGE_LOOP_ANALYSIS = YES;
				CLANG_WARN_STRICT_PROTOTYPES = YES;
				CLANG_WARN_SUSPICIOUS_MOVE = YES;
				CLANG_WARN_UNGUARDED_AVAILABILITY = YES_AGGRESSIVE;
				CLANG_WARN_UNREACHABLE_CODE = YES;
				CLANG_WARN__DUPLICATE_METHOD_MATCH = YES;
				COPY_PHASE_STRIP = NO;
				DEBUG_INFORMATION_FORMAT = "dwarf-with-dsym";
				ENABLE_NS_ASSERTIONS = NO;
				ENABLE_STRICT_OBJC_MSGSEND = YES;
				GCC_C_LANGUAGE_STANDARD = gnu11;
				GCC_NO_COMMON_BLOCKS = YES;
				GCC_WARN_64_TO_32_BIT_CONVERSION = YES;
				GCC_WARN_ABOUT_RETURN_TYPE = YES_ERROR;
				GCC_WARN_UNDECLARED_SELECTOR = YES;
				GCC_WARN_UNINITIALIZED_AUTOS = YES_AGGRESSIVE;
				GCC_WARN_UNUSED_FUNCTION = YES;
				GCC_WARN_UNUSED_VARIABLE = YES;
				IPHONEOS_DEPLOYMENT_TARGET = 14.3;
				MTL_ENABLE_DEBUG_INFO = NO;
				MTL_FAST_MATH = YES;
				SDKROOT = iphoneos;
				SWIFT_COMPILATION_MODE = wholemodule;
				SWIFT_OPTIMIZATION_LEVEL = "-O";
				VALIDATE_PRODUCT = YES;
			};
			name = Release;
		};
		F1FA76FB25B637660090ECDF /* Debug */ = {
			isa = XCBuildConfiguration;
			buildSettings = {
				ASSETCATALOG_COMPILER_APPICON_NAME = AppIcon;
				ASSETCATALOG_COMPILER_GLOBAL_ACCENT_COLOR_NAME = AccentColor;
				CODE_SIGN_STYLE = Automatic;
				DEVELOPMENT_ASSET_PATHS = "\"ReadMeetSwiftUI/Preview Content\"";
				DEVELOPMENT_TEAM = J3Q7HWN3W7;
				ENABLE_PREVIEWS = YES;
				INFOPLIST_FILE = ReadMeetSwiftUI/Info.plist;
				IPHONEOS_DEPLOYMENT_TARGET = 14.0;
				LD_RUNPATH_SEARCH_PATHS = (
					"$(inherited)",
					"@executable_path/Frameworks",
				);
				PRODUCT_BUNDLE_IDENTIFIER = com.br.gabriel.gustavo.ReadMeetSwiftUI;
				PRODUCT_NAME = "$(TARGET_NAME)";
				SWIFT_VERSION = 5.0;
				TARGETED_DEVICE_FAMILY = "1,2";
			};
			name = Debug;
		};
		F1FA76FC25B637660090ECDF /* Release */ = {
			isa = XCBuildConfiguration;
			buildSettings = {
				ASSETCATALOG_COMPILER_APPICON_NAME = AppIcon;
				ASSETCATALOG_COMPILER_GLOBAL_ACCENT_COLOR_NAME = AccentColor;
				CODE_SIGN_STYLE = Automatic;
				DEVELOPMENT_ASSET_PATHS = "\"ReadMeetSwiftUI/Preview Content\"";
				DEVELOPMENT_TEAM = J3Q7HWN3W7;
				ENABLE_PREVIEWS = YES;
				INFOPLIST_FILE = ReadMeetSwiftUI/Info.plist;
				IPHONEOS_DEPLOYMENT_TARGET = 14.0;
				LD_RUNPATH_SEARCH_PATHS = (
					"$(inherited)",
					"@executable_path/Frameworks",
				);
				PRODUCT_BUNDLE_IDENTIFIER = com.br.gabriel.gustavo.ReadMeetSwiftUI;
				PRODUCT_NAME = "$(TARGET_NAME)";
				SWIFT_VERSION = 5.0;
				TARGETED_DEVICE_FAMILY = "1,2";
			};
			name = Release;
		};
/* End XCBuildConfiguration section */

/* Begin XCConfigurationList section */
		F1FA76E625B637650090ECDF /* Build configuration list for PBXProject "ReadMeetSwiftUI" */ = {
			isa = XCConfigurationList;
			buildConfigurations = (
				F1FA76F825B637660090ECDF /* Debug */,
				F1FA76F925B637660090ECDF /* Release */,
			);
			defaultConfigurationIsVisible = 0;
			defaultConfigurationName = Release;
		};
		F1FA76FA25B637660090ECDF /* Build configuration list for PBXNativeTarget "ReadMeetSwiftUI" */ = {
			isa = XCConfigurationList;
			buildConfigurations = (
				F1FA76FB25B637660090ECDF /* Debug */,
				F1FA76FC25B637660090ECDF /* Release */,
			);
			defaultConfigurationIsVisible = 0;
			defaultConfigurationName = Release;
		};
/* End XCConfigurationList section */
	};
	rootObject = F1FA76E325B637650090ECDF /* Project object */;
}
